github.com/miscreant/miscreant v0.3.0 h1:bCn4zQMvNeeFBE3PWrG9ePFLPZyttBPhJ/WDqyqWrLQ=
github.com/miscreant/miscreant v0.3.0/go.mod h1:ZKWeIKfbJej2zjb1OUXJaaP1DnCb4yoTtcR90O7BOD4=
golang.org/x/crypto v0.0.0-20181126144156-c05539cddb59 h1:iJ5+EG+9Yiry+wm21L75chWSJw3/rvJc+v0MkmUiRQk=
golang.org/x/crypto v0.0.0-20181126144156-c05539cddb59/go.mod h1:6SG95UA2DQfeDnfUPMdvaQW0Q7yPrPDi9nlGo2tz2b4=
golang.org/x/sys v0.0.0-20181122145206-62eef0e2fa9b h1:MQE+LT/ABUuuvEZ+YQAMSXindAdUh7slEmAkup74op4=
golang.org/x/sys v0.0.0-20181122145206-62eef0e2fa9b/go.mod h1:STP8DvDyc/dI5b8T5hshtkjS+E42TnysNCUPdjciGhY=
